
Microsoft Visual Studio Solution File, Format Version 12.00
# Visual Studio 14
VisualStudioVersion = 14.0.25420.1
MinimumVisualStudioVersion = 10.0.40219.1
Project("{2150E333-8FDC-42A3-9474-1A3956D46DE8}") = "01. Pointer, Reference", "01. Pointer, Reference", "{F775C4D6-1712-48C3-9055-264A84428C36}"
EndProject
Project("{2150E333-8FDC-42A3-9474-1A3956D46DE8}") = "02. Structuri", "02. Structuri", "{69D56206-6A04-4E1E-BDF0-3A1DEF3C34BC}"
EndProject
Project("{8BC9CEB8-8B4A-11D0-8D11-00A0C91BC942}") = "MethodParameters", "MethodParametersValuePointerReference\MethodParametersValuePointerReference.vcxproj", "{B2EC5BD9-ED1A-4989-848E-BC627ADCA9EF}"
EndProject
Project("{8BC9CEB8-8B4A-11D0-8D11-00A0C91BC942}") = "VectorStructMethodPointer", "StructurePointer\StructurePointer.vcxproj", "{D97CFA47-912F-4951-8A70-BA995E92871A}"
EndProject
Project("{8BC9CEB8-8B4A-11D0-8D11-00A0C91BC942}") = "VectorStructExternalMethod", "StructExternalMethod\StructExternalMethod.vcxproj", "{8525EB1E-4CD0-49A0-8FF4-547318676756}"
EndProject
Project("{8BC9CEB8-8B4A-11D0-8D11-00A0C91BC942}") = "Arrays", "Vector\Vector.vcxproj", "{EF73E9ED-9D6D-4EB7-9072-CA9C1E337AEF}"
EndProject
Project("{8BC9CEB8-8B4A-11D0-8D11-00A0C91BC942}") = "StudentStruct", "StudentStruct\StudentStruct.vcxproj", "{D55A88AE-DC9A-43CA-841A-EE3090B0DBFD}"
EndProject
Project("{8BC9CEB8-8B4A-11D0-8D11-00A0C91BC942}") = "StudentClass - Constructor, Destructor", "StudentClass - Constructor, Destructor\StudentClass - Constructor, Destructor.vcxproj", "{E2A422EF-A77E-4FDF-8619-90DD65C4A22E}"
EndProject
Project("{8BC9CEB8-8B4A-11D0-8D11-00A0C91BC942}") = "StudentClass - Metode de acces", "StudentCLass - Metode de acces\StudentCLass - Metode de acces.vcxproj", "{B65F811D-899E-44B9-9AF5-C819508978BA}"
EndProject
Project("{8BC9CEB8-8B4A-11D0-8D11-00A0C91BC942}") = "StudentClass - Constructor cu parametrii", "StudentClass - Constructor cu parametrii\StudentClass - Constructor cu parametrii.vcxproj", "{B4C0388B-9D7A-403E-9755-1DABDC684FDC}"
EndProject
Project("{8BC9CEB8-8B4A-11D0-8D11-00A0C91BC942}") = "StudentClass - Atribute si metode statice", "StudentClass - Atribute si metode statice\StudentClass - Atribute si metode statice.vcxproj", "{FFA9320D-0415-4C34-B666-495C055C6601}"
EndProject
Project("{8BC9CEB8-8B4A-11D0-8D11-00A0C91BC942}") = "StudentClass - Atribute constante", "StudentClass - Atribute constante\StudentClass - Atribute constante.vcxproj", "{D0DB2722-C000-40BD-927D-3EEB8BE95A70}"
EndProject
Project("{2150E333-8FDC-42A3-9474-1A3956D46DE8}") = "03. Clase - Basics", "03. Clase - Basics", "{B8BF540C-515D-418E-B867-AE4E6CA428DA}"
EndProject
Project("{2150E333-8FDC-42A3-9474-1A3956D46DE8}") = "04. Clase - Supraincarcare Operatori", "04. Clase - Supraincarcare Operatori", "{2A8718E6-6470-4C72-89A6-AAA876FD52F7}"
EndProject
Project("{8BC9CEB8-8B4A-11D0-8D11-00A0C91BC942}") = "StudentClass - Operator=", "StudentClass - Operator=\StudentClass - Operator=.vcxproj", "{03A2C209-9343-4FAE-916A-443806940DD1}"
EndProject
Project("{8BC9CEB8-8B4A-11D0-8D11-00A0C91BC942}") = "StudentClass - Constructor de copiere", "StudentClass - Constructor de copiere\StudentClass - Constructor de copiere.vcxproj", "{425F0913-8B8E-4A51-A692-7E8565806CF7}"
EndProject
Project("{8BC9CEB8-8B4A-11D0-8D11-00A0C91BC942}") = "StudentClass - Operatori binari aritmetici", "StudentClass - Operatori binari aritmetici\StudentClass - Operatori binari aritmetici.vcxproj", "{CA660A1F-CEC8-4755-8F03-CDCD77076C44}"
EndProject
Project("{8BC9CEB8-8B4A-11D0-8D11-00A0C91BC942}") = "StudentClass - Operatori unari", "StudentClass - Operatori unari\StudentClass - Operatori unari.vcxproj", "{0587B7B1-3410-4B66-94FE-6BC669AD467A}"
EndProject
Project("{2150E333-8FDC-42A3-9474-1A3956D46DE8}") = "Operatori unari", "Operatori unari", "{C7131E91-05E6-45FD-9144-8280F765D19B}"
EndProject
Project("{2150E333-8FDC-42A3-9474-1A3956D46DE8}") = "Operatori InputOutput", "Operatori InputOutput", "{DDA819C3-1154-4F92-8316-3EFBA1B3289B}"
EndProject
Project("{2150E333-8FDC-42A3-9474-1A3956D46DE8}") = "05. Clase - Mostenire", "05. Clase - Mostenire", "{28DC455B-AFFF-494A-941D-C3468BD09F38}"
EndProject
Project("{2150E333-8FDC-42A3-9474-1A3956D46DE8}") = "Operatori binari", "Operatori binari", "{083F75B0-0DB3-4B3B-B775-725A6B47FE3D}"
EndProject
Project("{2150E333-8FDC-42A3-9474-1A3956D46DE8}") = "Operator atribuire", "Operator atribuire", "{F880F94B-0C2A-41E4-8F49-E594355EFFDD}"
EndProject
Project("{8BC9CEB8-8B4A-11D0-8D11-00A0C91BC942}") = "StudentClass - Operatori binari comparatie", "StudentClass - Operatori binari comparatie\StudentClass - Operatori binari comparatie.vcxproj", "{1C0247AD-22BC-4653-AFBB-EC99625E79E5}"
EndProject
Project("{2150E333-8FDC-42A3-9474-1A3956D46DE8}") = "Operator []", "Operator []", "{F6829C4D-E28B-4B61-B176-6FAC0D547ADC}"
EndProject
Project("{2150E333-8FDC-42A3-9474-1A3956D46DE8}") = "Operator ()", "Operator ()", "{9877C4C9-826F-4DD0-A91B-C318007E1BCC}"
EndProject
Project("{8BC9CEB8-8B4A-11D0-8D11-00A0C91BC942}") = "StudentClass - Operator[]", "StudentClass - Operator[]\StudentClass - Operator[].vcxproj", "{7EEF01A9-4B6A-457F-9D24-0B9BF107E1CB}"
EndProject
Project("{8BC9CEB8-8B4A-11D0-8D11-00A0C91BC942}") = "StudentClass - Operator()", "StudentClass - Operator()\StudentClass - Operator().vcxproj", "{C4DDA8FB-F31C-4781-99D5-6A8BD2372B88}"
EndProject
Project("{8BC9CEB8-8B4A-11D0-8D11-00A0C91BC942}") = "StudentClass - Operatori InputOutput (Metode de acces)", "StudentClass - Operatori InputOutput (Metode de acces)\StudentClass - InputOutput Operators (Metode de acces).vcxproj", "{7B50ADF4-FB78-408F-B0D8-5FB741210B9B}"
EndProject
Project("{8BC9CEB8-8B4A-11D0-8D11-00A0C91BC942}") = "StudentClass - Operatori InputOutput (Friend)", "StudentClass - Operatori InputOutput (Metode friend)\StudentClass - InputOutput Operators (Metode friend).vcxproj", "{BAF5EAC6-7DA4-4B4A-93E1-CD9EFDABA891}"
EndProject
Global
	GlobalSection(SolutionConfigurationPlatforms) = preSolution
		Debug|x64 = Debug|x64
		Debug|x86 = Debug|x86
		Release|x64 = Release|x64
		Release|x86 = Release|x86
	EndGlobalSection
	GlobalSection(ProjectConfigurationPlatforms) = postSolution
		{B2EC5BD9-ED1A-4989-848E-BC627ADCA9EF}.Debug|x64.ActiveCfg = Debug|x64
		{B2EC5BD9-ED1A-4989-848E-BC627ADCA9EF}.Debug|x64.Build.0 = Debug|x64
		{B2EC5BD9-ED1A-4989-848E-BC627ADCA9EF}.Debug|x86.ActiveCfg = Debug|Win32
		{B2EC5BD9-ED1A-4989-848E-BC627ADCA9EF}.Debug|x86.Build.0 = Debug|Win32
		{B2EC5BD9-ED1A-4989-848E-BC627ADCA9EF}.Release|x64.ActiveCfg = Release|x64
		{B2EC5BD9-ED1A-4989-848E-BC627ADCA9EF}.Release|x64.Build.0 = Release|x64
		{B2EC5BD9-ED1A-4989-848E-BC627ADCA9EF}.Release|x86.ActiveCfg = Release|Win32
		{B2EC5BD9-ED1A-4989-848E-BC627ADCA9EF}.Release|x86.Build.0 = Release|Win32
		{D97CFA47-912F-4951-8A70-BA995E92871A}.Debug|x64.ActiveCfg = Debug|x64
		{D97CFA47-912F-4951-8A70-BA995E92871A}.Debug|x64.Build.0 = Debug|x64
		{D97CFA47-912F-4951-8A70-BA995E92871A}.Debug|x86.ActiveCfg = Debug|Win32
		{D97CFA47-912F-4951-8A70-BA995E92871A}.Debug|x86.Build.0 = Debug|Win32
		{D97CFA47-912F-4951-8A70-BA995E92871A}.Release|x64.ActiveCfg = Release|x64
		{D97CFA47-912F-4951-8A70-BA995E92871A}.Release|x64.Build.0 = Release|x64
		{D97CFA47-912F-4951-8A70-BA995E92871A}.Release|x86.ActiveCfg = Release|Win32
		{D97CFA47-912F-4951-8A70-BA995E92871A}.Release|x86.Build.0 = Release|Win32
		{8525EB1E-4CD0-49A0-8FF4-547318676756}.Debug|x64.ActiveCfg = Debug|x64
		{8525EB1E-4CD0-49A0-8FF4-547318676756}.Debug|x64.Build.0 = Debug|x64
		{8525EB1E-4CD0-49A0-8FF4-547318676756}.Debug|x86.ActiveCfg = Debug|Win32
		{8525EB1E-4CD0-49A0-8FF4-547318676756}.Debug|x86.Build.0 = Debug|Win32
		{8525EB1E-4CD0-49A0-8FF4-547318676756}.Release|x64.ActiveCfg = Release|x64
		{8525EB1E-4CD0-49A0-8FF4-547318676756}.Release|x64.Build.0 = Release|x64
		{8525EB1E-4CD0-49A0-8FF4-547318676756}.Release|x86.ActiveCfg = Release|Win32
		{8525EB1E-4CD0-49A0-8FF4-547318676756}.Release|x86.Build.0 = Release|Win32
		{EF73E9ED-9D6D-4EB7-9072-CA9C1E337AEF}.Debug|x64.ActiveCfg = Debug|x64
		{EF73E9ED-9D6D-4EB7-9072-CA9C1E337AEF}.Debug|x64.Build.0 = Debug|x64
		{EF73E9ED-9D6D-4EB7-9072-CA9C1E337AEF}.Debug|x86.ActiveCfg = Debug|Win32
		{EF73E9ED-9D6D-4EB7-9072-CA9C1E337AEF}.Debug|x86.Build.0 = Debug|Win32
		{EF73E9ED-9D6D-4EB7-9072-CA9C1E337AEF}.Release|x64.ActiveCfg = Release|x64
		{EF73E9ED-9D6D-4EB7-9072-CA9C1E337AEF}.Release|x64.Build.0 = Release|x64
		{EF73E9ED-9D6D-4EB7-9072-CA9C1E337AEF}.Release|x86.ActiveCfg = Release|Win32
		{EF73E9ED-9D6D-4EB7-9072-CA9C1E337AEF}.Release|x86.Build.0 = Release|Win32
		{D55A88AE-DC9A-43CA-841A-EE3090B0DBFD}.Debug|x64.ActiveCfg = Debug|x64
		{D55A88AE-DC9A-43CA-841A-EE3090B0DBFD}.Debug|x64.Build.0 = Debug|x64
		{D55A88AE-DC9A-43CA-841A-EE3090B0DBFD}.Debug|x86.ActiveCfg = Debug|Win32
		{D55A88AE-DC9A-43CA-841A-EE3090B0DBFD}.Debug|x86.Build.0 = Debug|Win32
		{D55A88AE-DC9A-43CA-841A-EE3090B0DBFD}.Release|x64.ActiveCfg = Release|x64
		{D55A88AE-DC9A-43CA-841A-EE3090B0DBFD}.Release|x64.Build.0 = Release|x64
		{D55A88AE-DC9A-43CA-841A-EE3090B0DBFD}.Release|x86.ActiveCfg = Release|Win32
		{D55A88AE-DC9A-43CA-841A-EE3090B0DBFD}.Release|x86.Build.0 = Release|Win32
		{E2A422EF-A77E-4FDF-8619-90DD65C4A22E}.Debug|x64.ActiveCfg = Debug|x64
		{E2A422EF-A77E-4FDF-8619-90DD65C4A22E}.Debug|x64.Build.0 = Debug|x64
		{E2A422EF-A77E-4FDF-8619-90DD65C4A22E}.Debug|x86.ActiveCfg = Debug|Win32
		{E2A422EF-A77E-4FDF-8619-90DD65C4A22E}.Debug|x86.Build.0 = Debug|Win32
		{E2A422EF-A77E-4FDF-8619-90DD65C4A22E}.Release|x64.ActiveCfg = Release|x64
		{E2A422EF-A77E-4FDF-8619-90DD65C4A22E}.Release|x64.Build.0 = Release|x64
		{E2A422EF-A77E-4FDF-8619-90DD65C4A22E}.Release|x86.ActiveCfg = Release|Win32
		{E2A422EF-A77E-4FDF-8619-90DD65C4A22E}.Release|x86.Build.0 = Release|Win32
		{B65F811D-899E-44B9-9AF5-C819508978BA}.Debug|x64.ActiveCfg = Debug|x64
		{B65F811D-899E-44B9-9AF5-C819508978BA}.Debug|x64.Build.0 = Debug|x64
		{B65F811D-899E-44B9-9AF5-C819508978BA}.Debug|x86.ActiveCfg = Debug|Win32
		{B65F811D-899E-44B9-9AF5-C819508978BA}.Debug|x86.Build.0 = Debug|Win32
		{B65F811D-899E-44B9-9AF5-C819508978BA}.Release|x64.ActiveCfg = Release|x64
		{B65F811D-899E-44B9-9AF5-C819508978BA}.Release|x64.Build.0 = Release|x64
		{B65F811D-899E-44B9-9AF5-C819508978BA}.Release|x86.ActiveCfg = Release|Win32
		{B65F811D-899E-44B9-9AF5-C819508978BA}.Release|x86.Build.0 = Release|Win32
		{B4C0388B-9D7A-403E-9755-1DABDC684FDC}.Debug|x64.ActiveCfg = Debug|x64
		{B4C0388B-9D7A-403E-9755-1DABDC684FDC}.Debug|x64.Build.0 = Debug|x64
		{B4C0388B-9D7A-403E-9755-1DABDC684FDC}.Debug|x86.ActiveCfg = Debug|Win32
		{B4C0388B-9D7A-403E-9755-1DABDC684FDC}.Debug|x86.Build.0 = Debug|Win32
		{B4C0388B-9D7A-403E-9755-1DABDC684FDC}.Release|x64.ActiveCfg = Release|x64
		{B4C0388B-9D7A-403E-9755-1DABDC684FDC}.Release|x64.Build.0 = Release|x64
		{B4C0388B-9D7A-403E-9755-1DABDC684FDC}.Release|x86.ActiveCfg = Release|Win32
		{B4C0388B-9D7A-403E-9755-1DABDC684FDC}.Release|x86.Build.0 = Release|Win32
		{FFA9320D-0415-4C34-B666-495C055C6601}.Debug|x64.ActiveCfg = Debug|x64
		{FFA9320D-0415-4C34-B666-495C055C6601}.Debug|x64.Build.0 = Debug|x64
		{FFA9320D-0415-4C34-B666-495C055C6601}.Debug|x86.ActiveCfg = Debug|Win32
		{FFA9320D-0415-4C34-B666-495C055C6601}.Debug|x86.Build.0 = Debug|Win32
		{FFA9320D-0415-4C34-B666-495C055C6601}.Release|x64.ActiveCfg = Release|x64
		{FFA9320D-0415-4C34-B666-495C055C6601}.Release|x64.Build.0 = Release|x64
		{FFA9320D-0415-4C34-B666-495C055C6601}.Release|x86.ActiveCfg = Release|Win32
		{FFA9320D-0415-4C34-B666-495C055C6601}.Release|x86.Build.0 = Release|Win32
		{D0DB2722-C000-40BD-927D-3EEB8BE95A70}.Debug|x64.ActiveCfg = Debug|x64
		{D0DB2722-C000-40BD-927D-3EEB8BE95A70}.Debug|x64.Build.0 = Debug|x64
		{D0DB2722-C000-40BD-927D-3EEB8BE95A70}.Debug|x86.ActiveCfg = Debug|Win32
		{D0DB2722-C000-40BD-927D-3EEB8BE95A70}.Debug|x86.Build.0 = Debug|Win32
		{D0DB2722-C000-40BD-927D-3EEB8BE95A70}.Release|x64.ActiveCfg = Release|x64
		{D0DB2722-C000-40BD-927D-3EEB8BE95A70}.Release|x64.Build.0 = Release|x64
		{D0DB2722-C000-40BD-927D-3EEB8BE95A70}.Release|x86.ActiveCfg = Release|Win32
		{D0DB2722-C000-40BD-927D-3EEB8BE95A70}.Release|x86.Build.0 = Release|Win32
		{03A2C209-9343-4FAE-916A-443806940DD1}.Debug|x64.ActiveCfg = Debug|x64
		{03A2C209-9343-4FAE-916A-443806940DD1}.Debug|x64.Build.0 = Debug|x64
		{03A2C209-9343-4FAE-916A-443806940DD1}.Debug|x86.ActiveCfg = Debug|Win32
		{03A2C209-9343-4FAE-916A-443806940DD1}.Debug|x86.Build.0 = Debug|Win32
		{03A2C209-9343-4FAE-916A-443806940DD1}.Release|x64.ActiveCfg = Release|x64
		{03A2C209-9343-4FAE-916A-443806940DD1}.Release|x64.Build.0 = Release|x64
		{03A2C209-9343-4FAE-916A-443806940DD1}.Release|x86.ActiveCfg = Release|Win32
		{03A2C209-9343-4FAE-916A-443806940DD1}.Release|x86.Build.0 = Release|Win32
		{425F0913-8B8E-4A51-A692-7E8565806CF7}.Debug|x64.ActiveCfg = Debug|x64
		{425F0913-8B8E-4A51-A692-7E8565806CF7}.Debug|x64.Build.0 = Debug|x64
		{425F0913-8B8E-4A51-A692-7E8565806CF7}.Debug|x86.ActiveCfg = Debug|Win32
		{425F0913-8B8E-4A51-A692-7E8565806CF7}.Debug|x86.Build.0 = Debug|Win32
		{425F0913-8B8E-4A51-A692-7E8565806CF7}.Release|x64.ActiveCfg = Release|x64
		{425F0913-8B8E-4A51-A692-7E8565806CF7}.Release|x64.Build.0 = Release|x64
		{425F0913-8B8E-4A51-A692-7E8565806CF7}.Release|x86.ActiveCfg = Release|Win32
		{425F0913-8B8E-4A51-A692-7E8565806CF7}.Release|x86.Build.0 = Release|Win32
		{CA660A1F-CEC8-4755-8F03-CDCD77076C44}.Debug|x64.ActiveCfg = Debug|x64
		{CA660A1F-CEC8-4755-8F03-CDCD77076C44}.Debug|x64.Build.0 = Debug|x64
		{CA660A1F-CEC8-4755-8F03-CDCD77076C44}.Debug|x86.ActiveCfg = Debug|Win32
		{CA660A1F-CEC8-4755-8F03-CDCD77076C44}.Debug|x86.Build.0 = Debug|Win32
		{CA660A1F-CEC8-4755-8F03-CDCD77076C44}.Release|x64.ActiveCfg = Release|x64
		{CA660A1F-CEC8-4755-8F03-CDCD77076C44}.Release|x64.Build.0 = Release|x64
		{CA660A1F-CEC8-4755-8F03-CDCD77076C44}.Release|x86.ActiveCfg = Release|Win32
		{CA660A1F-CEC8-4755-8F03-CDCD77076C44}.Release|x86.Build.0 = Release|Win32
		{0587B7B1-3410-4B66-94FE-6BC669AD467A}.Debug|x64.ActiveCfg = Debug|x64
		{0587B7B1-3410-4B66-94FE-6BC669AD467A}.Debug|x64.Build.0 = Debug|x64
		{0587B7B1-3410-4B66-94FE-6BC669AD467A}.Debug|x86.ActiveCfg = Debug|Win32
		{0587B7B1-3410-4B66-94FE-6BC669AD467A}.Debug|x86.Build.0 = Debug|Win32
		{0587B7B1-3410-4B66-94FE-6BC669AD467A}.Release|x64.ActiveCfg = Release|x64
		{0587B7B1-3410-4B66-94FE-6BC669AD467A}.Release|x64.Build.0 = Release|x64
		{0587B7B1-3410-4B66-94FE-6BC669AD467A}.Release|x86.ActiveCfg = Release|Win32
		{0587B7B1-3410-4B66-94FE-6BC669AD467A}.Release|x86.Build.0 = Release|Win32
		{1C0247AD-22BC-4653-AFBB-EC99625E79E5}.Debug|x64.ActiveCfg = Debug|x64
		{1C0247AD-22BC-4653-AFBB-EC99625E79E5}.Debug|x64.Build.0 = Debug|x64
		{1C0247AD-22BC-4653-AFBB-EC99625E79E5}.Debug|x86.ActiveCfg = Debug|Win32
		{1C0247AD-22BC-4653-AFBB-EC99625E79E5}.Debug|x86.Build.0 = Debug|Win32
		{1C0247AD-22BC-4653-AFBB-EC99625E79E5}.Release|x64.ActiveCfg = Release|x64
		{1C0247AD-22BC-4653-AFBB-EC99625E79E5}.Release|x64.Build.0 = Release|x64
		{1C0247AD-22BC-4653-AFBB-EC99625E79E5}.Release|x86.ActiveCfg = Release|Win32
		{1C0247AD-22BC-4653-AFBB-EC99625E79E5}.Release|x86.Build.0 = Release|Win32
		{7EEF01A9-4B6A-457F-9D24-0B9BF107E1CB}.Debug|x64.ActiveCfg = Debug|x64
		{7EEF01A9-4B6A-457F-9D24-0B9BF107E1CB}.Debug|x64.Build.0 = Debug|x64
		{7EEF01A9-4B6A-457F-9D24-0B9BF107E1CB}.Debug|x86.ActiveCfg = Debug|Win32
		{7EEF01A9-4B6A-457F-9D24-0B9BF107E1CB}.Debug|x86.Build.0 = Debug|Win32
		{7EEF01A9-4B6A-457F-9D24-0B9BF107E1CB}.Release|x64.ActiveCfg = Release|x64
		{7EEF01A9-4B6A-457F-9D24-0B9BF107E1CB}.Release|x64.Build.0 = Release|x64
		{7EEF01A9-4B6A-457F-9D24-0B9BF107E1CB}.Release|x86.ActiveCfg = Release|Win32
		{7EEF01A9-4B6A-457F-9D24-0B9BF107E1CB}.Release|x86.Build.0 = Release|Win32
		{C4DDA8FB-F31C-4781-99D5-6A8BD2372B88}.Debug|x64.ActiveCfg = Debug|x64
		{C4DDA8FB-F31C-4781-99D5-6A8BD2372B88}.Debug|x64.Build.0 = Debug|x64
		{C4DDA8FB-F31C-4781-99D5-6A8BD2372B88}.Debug|x86.ActiveCfg = Debug|Win32
		{C4DDA8FB-F31C-4781-99D5-6A8BD2372B88}.Debug|x86.Build.0 = Debug|Win32
		{C4DDA8FB-F31C-4781-99D5-6A8BD2372B88}.Release|x64.ActiveCfg = Release|x64
		{C4DDA8FB-F31C-4781-99D5-6A8BD2372B88}.Release|x64.Build.0 = Release|x64
		{C4DDA8FB-F31C-4781-99D5-6A8BD2372B88}.Release|x86.ActiveCfg = Release|Win32
		{C4DDA8FB-F31C-4781-99D5-6A8BD2372B88}.Release|x86.Build.0 = Release|Win32
		{7B50ADF4-FB78-408F-B0D8-5FB741210B9B}.Debug|x64.ActiveCfg = Debug|x64
		{7B50ADF4-FB78-408F-B0D8-5FB741210B9B}.Debug|x64.Build.0 = Debug|x64
		{7B50ADF4-FB78-408F-B0D8-5FB741210B9B}.Debug|x86.ActiveCfg = Debug|Win32
		{7B50ADF4-FB78-408F-B0D8-5FB741210B9B}.Debug|x86.Build.0 = Debug|Win32
		{7B50ADF4-FB78-408F-B0D8-5FB741210B9B}.Release|x64.ActiveCfg = Release|x64
		{7B50ADF4-FB78-408F-B0D8-5FB741210B9B}.Release|x64.Build.0 = Release|x64
		{7B50ADF4-FB78-408F-B0D8-5FB741210B9B}.Release|x86.ActiveCfg = Release|Win32
		{7B50ADF4-FB78-408F-B0D8-5FB741210B9B}.Release|x86.Build.0 = Release|Win32
		{BAF5EAC6-7DA4-4B4A-93E1-CD9EFDABA891}.Debug|x64.ActiveCfg = Debug|x64
		{BAF5EAC6-7DA4-4B4A-93E1-CD9EFDABA891}.Debug|x64.Build.0 = Debug|x64
		{BAF5EAC6-7DA4-4B4A-93E1-CD9EFDABA891}.Debug|x86.ActiveCfg = Debug|Win32
		{BAF5EAC6-7DA4-4B4A-93E1-CD9EFDABA891}.Debug|x86.Build.0 = Debug|Win32
		{BAF5EAC6-7DA4-4B4A-93E1-CD9EFDABA891}.Release|x64.ActiveCfg = Release|x64
		{BAF5EAC6-7DA4-4B4A-93E1-CD9EFDABA891}.Release|x64.Build.0 = Release|x64
		{BAF5EAC6-7DA4-4B4A-93E1-CD9EFDABA891}.Release|x86.ActiveCfg = Release|Win32
		{BAF5EAC6-7DA4-4B4A-93E1-CD9EFDABA891}.Release|x86.Build.0 = Release|Win32
	EndGlobalSection
	GlobalSection(SolutionProperties) = preSolution
		HideSolutionNode = FALSE
	EndGlobalSection
	GlobalSection(NestedProjects) = preSolution
		{B2EC5BD9-ED1A-4989-848E-BC627ADCA9EF} = {F775C4D6-1712-48C3-9055-264A84428C36}
		{D97CFA47-912F-4951-8A70-BA995E92871A} = {69D56206-6A04-4E1E-BDF0-3A1DEF3C34BC}
		{8525EB1E-4CD0-49A0-8FF4-547318676756} = {69D56206-6A04-4E1E-BDF0-3A1DEF3C34BC}
		{EF73E9ED-9D6D-4EB7-9072-CA9C1E337AEF} = {F775C4D6-1712-48C3-9055-264A84428C36}
		{D55A88AE-DC9A-43CA-841A-EE3090B0DBFD} = {69D56206-6A04-4E1E-BDF0-3A1DEF3C34BC}
		{E2A422EF-A77E-4FDF-8619-90DD65C4A22E} = {B8BF540C-515D-418E-B867-AE4E6CA428DA}
		{B65F811D-899E-44B9-9AF5-C819508978BA} = {B8BF540C-515D-418E-B867-AE4E6CA428DA}
		{B4C0388B-9D7A-403E-9755-1DABDC684FDC} = {B8BF540C-515D-418E-B867-AE4E6CA428DA}
		{FFA9320D-0415-4C34-B666-495C055C6601} = {B8BF540C-515D-418E-B867-AE4E6CA428DA}
		{D0DB2722-C000-40BD-927D-3EEB8BE95A70} = {B8BF540C-515D-418E-B867-AE4E6CA428DA}
		{03A2C209-9343-4FAE-916A-443806940DD1} = {F880F94B-0C2A-41E4-8F49-E594355EFFDD}
		{425F0913-8B8E-4A51-A692-7E8565806CF7} = {B8BF540C-515D-418E-B867-AE4E6CA428DA}
		{CA660A1F-CEC8-4755-8F03-CDCD77076C44} = {083F75B0-0DB3-4B3B-B775-725A6B47FE3D}
		{0587B7B1-3410-4B66-94FE-6BC669AD467A} = {C7131E91-05E6-45FD-9144-8280F765D19B}
		{C7131E91-05E6-45FD-9144-8280F765D19B} = {2A8718E6-6470-4C72-89A6-AAA876FD52F7}
		{DDA819C3-1154-4F92-8316-3EFBA1B3289B} = {2A8718E6-6470-4C72-89A6-AAA876FD52F7}
		{083F75B0-0DB3-4B3B-B775-725A6B47FE3D} = {2A8718E6-6470-4C72-89A6-AAA876FD52F7}
		{F880F94B-0C2A-41E4-8F49-E594355EFFDD} = {2A8718E6-6470-4C72-89A6-AAA876FD52F7}
		{1C0247AD-22BC-4653-AFBB-EC99625E79E5} = {083F75B0-0DB3-4B3B-B775-725A6B47FE3D}
		{F6829C4D-E28B-4B61-B176-6FAC0D547ADC} = {2A8718E6-6470-4C72-89A6-AAA876FD52F7}
		{9877C4C9-826F-4DD0-A91B-C318007E1BCC} = {2A8718E6-6470-4C72-89A6-AAA876FD52F7}
		{7EEF01A9-4B6A-457F-9D24-0B9BF107E1CB} = {F6829C4D-E28B-4B61-B176-6FAC0D547ADC}
		{C4DDA8FB-F31C-4781-99D5-6A8BD2372B88} = {9877C4C9-826F-4DD0-A91B-C318007E1BCC}
		{7B50ADF4-FB78-408F-B0D8-5FB741210B9B} = {DDA819C3-1154-4F92-8316-3EFBA1B3289B}
		{BAF5EAC6-7DA4-4B4A-93E1-CD9EFDABA891} = {DDA819C3-1154-4F92-8316-3EFBA1B3289B}
	EndGlobalSection
EndGlobal
